
Microsoft Visual Studio Solution File, Format Version 12.00
# Visual Studio Version 16
VisualStudioVersion = 16.0.31729.503
MinimumVisualStudioVersion = 10.0.40219.1
Project("{9A19103F-16F7-4668-BE54-9A1E7A4F7556}") = "Fridges", "Fridges\Fridges.csproj", "{0F8F9AD3-E2D8-40DF-B042-A1DAD88E167A}"
EndProject
Project("{9A19103F-16F7-4668-BE54-9A1E7A4F7556}") = "Contracts", "Contracts\Contracts.csproj", "{6B8840EF-D0C0-415E-8EA8-F8144BB30F03}"
EndProject
Project("{9A19103F-16F7-4668-BE54-9A1E7A4F7556}") = "LoggerService", "LoggerService\LoggerService.csproj", "{A81972AB-1326-4AEA-831B-64E68ADE1934}"
EndProject
Project("{9A19103F-16F7-4668-BE54-9A1E7A4F7556}") = "Entities", "Entities\Entities.csproj", "{19973BD2-C17A-45E3-A61A-D27D66FCE407}"
EndProject
Project("{FAE04EC0-301F-11D3-BF4B-00C04F79EFBC}") = "Repository", "Repository\Repository.csproj", "{66F77D58-CE2E-4BE1-82E3-E894FD9A869A}"
EndProject
Global
	GlobalSection(SolutionConfigurationPlatforms) = preSolution
		Debug|Any CPU = Debug|Any CPU
		Release|Any CPU = Release|Any CPU
	EndGlobalSection
	GlobalSection(ProjectConfigurationPlatforms) = postSolution
		{0F8F9AD3-E2D8-40DF-B042-A1DAD88E167A}.Debug|Any CPU.ActiveCfg = Debug|Any CPU
		{0F8F9AD3-E2D8-40DF-B042-A1DAD88E167A}.Debug|Any CPU.Build.0 = Debug|Any CPU
		{0F8F9AD3-E2D8-40DF-B042-A1DAD88E167A}.Release|Any CPU.ActiveCfg = Release|Any CPU
		{0F8F9AD3-E2D8-40DF-B042-A1DAD88E167A}.Release|Any CPU.Build.0 = Release|Any CPU
		{6B8840EF-D0C0-415E-8EA8-F8144BB30F03}.Debug|Any CPU.ActiveCfg = Debug|Any CPU
		{6B8840EF-D0C0-415E-8EA8-F8144BB30F03}.Debug|Any CPU.Build.0 = Debug|Any CPU
		{6B8840EF-D0C0-415E-8EA8-F8144BB30F03}.Release|Any CPU.ActiveCfg = Release|Any CPU
		{6B8840EF-D0C0-415E-8EA8-F8144BB30F03}.Release|Any CPU.Build.0 = Release|Any CPU
		{A81972AB-1326-4AEA-831B-64E68ADE1934}.Debug|Any CPU.ActiveCfg = Debug|Any CPU
		{A81972AB-1326-4AEA-831B-64E68ADE1934}.Debug|Any CPU.Build.0 = Debug|Any CPU
		{A81972AB-1326-4AEA-831B-64E68ADE1934}.Release|Any CPU.ActiveCfg = Release|Any CPU
		{A81972AB-1326-4AEA-831B-64E68ADE1934}.Release|Any CPU.Build.0 = Release|Any CPU
		{19973BD2-C17A-45E3-A61A-D27D66FCE407}.Debug|Any CPU.ActiveCfg = Debug|Any CPU
		{19973BD2-C17A-45E3-A61A-D27D66FCE407}.Debug|Any CPU.Build.0 = Debug|Any CPU
		{19973BD2-C17A-45E3-A61A-D27D66FCE407}.Release|Any CPU.ActiveCfg = Release|Any CPU
		{19973BD2-C17A-45E3-A61A-D27D66FCE407}.Release|Any CPU.Build.0 = Release|Any CPU
		{66F77D58-CE2E-4BE1-82E3-E894FD9A869A}.Debug|Any CPU.ActiveCfg = Debug|Any CPU
		{66F77D58-CE2E-4BE1-82E3-E894FD9A869A}.Debug|Any CPU.Build.0 = Debug|Any CPU
		{66F77D58-CE2E-4BE1-82E3-E894FD9A869A}.Release|Any CPU.ActiveCfg = Release|Any CPU
		{66F77D58-CE2E-4BE1-82E3-E894FD9A869A}.Release|Any CPU.Build.0 = Release|Any CPU
	EndGlobalSection
	GlobalSection(SolutionProperties) = preSolution
		HideSolutionNode = FALSE
	EndGlobalSection
	GlobalSection(ExtensibilityGlobals) = postSolution
		SolutionGuid = {A8950F74-E417-446B-BE9D-B46141E8FCFD}
	EndGlobalSection
EndGlobal
